
Microsoft Visual Studio Solution File, Format Version 12.00
# Visual Studio Version 17
VisualStudioVersion = 17.9.34616.47
MinimumVisualStudioVersion = 10.0.40219.1
Project("{9A19103F-16F7-4668-BE54-9A1E7A4F7556}") = "BrewFolioServer", "BrewFolioServer\BrewFolioServer.csproj", "{45A1808B-9337-443C-9535-F2D2C77C6204}"
EndProject
Project("{2150E333-8FDC-42A3-9474-1A3956D46DE8}") = "src", "src", "{10D24095-9139-41A8-9444-43B290045564}"
EndProject
Global
	GlobalSection(SolutionConfigurationPlatforms) = preSolution
		Debug|Any CPU = Debug|Any CPU
		Release|Any CPU = Release|Any CPU
	EndGlobalSection
	GlobalSection(ProjectConfigurationPlatforms) = postSolution
		{45A1808B-9337-443C-9535-F2D2C77C6204}.Debug|Any CPU.ActiveCfg = Debug|Any CPU
		{45A1808B-9337-443C-9535-F2D2C77C6204}.Debug|Any CPU.Build.0 = Debug|Any CPU
		{45A1808B-9337-443C-9535-F2D2C77C6204}.Release|Any CPU.ActiveCfg = Release|Any CPU
		{45A1808B-9337-443C-9535-F2D2C77C6204}.Release|Any CPU.Build.0 = Release|Any CPU
	EndGlobalSection
	GlobalSection(SolutionProperties) = preSolution
		HideSolutionNode = FALSE
	EndGlobalSection
	GlobalSection(NestedProjects) = preSolution
		{45A1808B-9337-443C-9535-F2D2C77C6204} = {10D24095-9139-41A8-9444-43B290045564}
	EndGlobalSection
	GlobalSection(ExtensibilityGlobals) = postSolution
		SolutionGuid = {9879F42C-CD2E-47EF-B26E-BA969D8FDE15}
	EndGlobalSection
EndGlobal
